<?xml version="1.0" encoding="utf-8"?>
<Project ToolsVersion="4.0" xmlns="http://schemas.microsoft.com/developer/msbuild/2003">
  <ItemGroup>
    <Filter Include="Source Files">
      <UniqueIdentifier>{4FC737F1-C7A5-4376-A066-2A32D752A2FF}</UniqueIdentifier>
      <Extensions>cpp;c;cc;cxx;c++;cppm;ixx;def;odl;idl;hpj;bat;asm;asmx</Extensions>
    </Filter>
    <Filter Include="Header Files">
      <UniqueIdentifier>{93995380-89BD-4b04-88EB-625FBE52EBFB}</UniqueIdentifier>
      <Extensions>h;hh;hpp;hxx;h++;hm;inl;inc;ipp;xsd</Extensions>
    </Filter>
    <Filter Include="Resource Files">
      <UniqueIdentifier>{67DA6AB6-F800-4c08-8B7A-83BB121AAD01}</UniqueIdentifier>
      <Extensions>rc;ico;cur;bmp;dlg;rc2;rct;bin;rgs;gif;jpg;jpeg;jpe;resx;tiff;tif;png;wav;mfcribbon-ms</Extensions>
    </Filter>
    <Filter Include="Source Files\Libraries">
      <UniqueIdentifier>{3535d145-a045-4f64-a64b-36127a6fe34b}</UniqueIdentifier>
    </Filter>
    <Filter Include="Source Files\Libraries\Imgui">
      <UniqueIdentifier>{e5b44fc9-6bbb-46fe-8dce-162932600cbd}</UniqueIdentifier>
    </Filter>
    <Filter Include="Resource Files\Fonts">
      <UniqueIdentifier>{f90a5b29-283b-4e07-b56f-d759a292a2a1}</UniqueIdentifier>
    </Filter>
    <Filter Include="Source Files\Twitter">
      <UniqueIdentifier>{7dc3cb81-a1db-4775-80df-ee09cba3c8c6}</UniqueIdentifier>
    </Filter>
  </ItemGroup>
  <ItemGroup>
    <ClInclude Include="..\lib\ImGui\imconfig.h">
      <Filter>Source Files\Libraries\Imgui</Filter>
    </ClInclude>
    <ClInclude Include="..\lib\ImGui\imgui.h">
      <Filter>Source Files\Libraries\Imgui</Filter>
    </ClInclude>
    <ClInclude Include="..\lib\ImGui\imgui_impl_allegro5.h">
      <Filter>Source Files\Libraries\Imgui</Filter>
    </ClInclude>
    <ClInclude Include="..\lib\ImGui\imgui_internal.h">
      <Filter>Source Files\Libraries\Imgui</Filter>
    </ClInclude>
    <ClInclude Include="..\lib\ImGui\imstb_rectpack.h">
      <Filter>Source Files\Libraries\Imgui</Filter>
    </ClInclude>
    <ClInclude Include="..\lib\ImGui\imstb_textedit.h">
      <Filter>Source Files\Libraries\Imgui</Filter>
    </ClInclude>
    <ClInclude Include="..\lib\ImGui\imstb_truetype.h">
      <Filter>Source Files\Libraries\Imgui</Filter>
    </ClInclude>
    <ClInclude Include="..\src\Gui.h">
      <Filter>Header Files</Filter>
    </ClInclude>
    <ClInclude Include="..\src\Error.h">
      <Filter>Header Files</Filter>
    </ClInclude>
    <ClInclude Include="..\src\BasicLCD.h">
      <Filter>Header Files</Filter>
    </ClInclude>
    <ClInclude Include="..\src\Cursor.h">
      <Filter>Header Files</Filter>
    </ClInclude>
    <ClInclude Include="..\src\App.h">
      <Filter>Header Files</Filter>
    </ClInclude>
    <ClInclude Include="..\src\ConcreteLCD.h">
      <Filter>Header Files</Filter>
    </ClInclude>
    <ClInclude Include="..\src\Imgui_string.h">
      <Filter>Header Files</Filter>
    </ClInclude>
    <ClInclude Include="..\src\UserData.h">
      <Filter>Header Files</Filter>
    </ClInclude>
    <ClInclude Include="..\src\Twitter\TwitterHandler.h">
      <Filter>Source Files\Twitter</Filter>
    </ClInclude>
    <ClInclude Include="..\src\Twitter\json.hpp">
      <Filter>Source Files\Twitter</Filter>
    </ClInclude>
    <ClInclude Include="..\src\Twitter\Tweet.h">
      <Filter>Source Files\Twitter</Filter>
    </ClInclude>
    <ClInclude Include="..\src\Twitter\API_Request_err.h">
      <Filter>Source Files\Twitter</Filter>
    </ClInclude>
    <ClInclude Include="..\src\lcd3.h">
      <Filter>Header Files</Filter>
    </ClInclude>
    <ClInclude Include="..\src\LCDB.h">
      <Filter>Header Files</Filter>
    </ClInclude>
  </ItemGroup>
  <ItemGroup>
    <ClCompile Include="..\lib\ImGui\imgui.cpp">
      <Filter>Source Files\Libraries\Imgui</Filter>
    </ClCompile>
    <ClCompile Include="..\lib\ImGui\imgui_demo.cpp">
      <Filter>Source Files\Libraries\Imgui</Filter>
    </ClCompile>
    <ClCompile Include="..\lib\ImGui\imgui_draw.cpp">
      <Filter>Source Files\Libraries\Imgui</Filter>
    </ClCompile>
    <ClCompile Include="..\lib\ImGui\imgui_impl_allegro5.cpp">
      <Filter>Source Files\Libraries\Imgui</Filter>
    </ClCompile>
    <ClCompile Include="..\lib\ImGui\imgui_tables.cpp">
      <Filter>Source Files\Libraries\Imgui</Filter>
    </ClCompile>
    <ClCompile Include="..\lib\ImGui\imgui_widgets.cpp">
      <Filter>Source Files\Libraries\Imgui</Filter>
    </ClCompile>
    <ClCompile Include="..\src\Main.cpp">
      <Filter>Source Files</Filter>
    </ClCompile>
    <ClCompile Include="..\src\Gui.cpp">
      <Filter>Source Files</Filter>
    </ClCompile>
    <ClCompile Include="..\src\Error.cpp">
      <Filter>Source Files</Filter>
    </ClCompile>
    <ClCompile Include="..\src\Cursor.cpp">
      <Filter>Source Files</Filter>
    </ClCompile>
    <ClCompile Include="..\src\App.cpp">
      <Filter>Source Files</Filter>
    </ClCompile>
    <ClCompile Include="..\src\ConcreteLCD.cpp">
      <Filter>Source Files</Filter>
    </ClCompile>
    <ClCompile Include="..\src\BasicLCD.cpp">
      <Filter>Source Files</Filter>
    </ClCompile>
    <ClCompile Include="..\src\Imgui_string.cpp">
      <Filter>Source Files</Filter>
    </ClCompile>
    <ClCompile Include="..\src\UserData.cpp">
      <Filter>Source Files</Filter>
    </ClCompile>
    <ClCompile Include="..\src\Twitter\TwitterHandler.cpp">
      <Filter>Source Files\Twitter</Filter>
    </ClCompile>
    <ClCompile Include="..\src\Twitter\Tweet.cpp">
      <Filter>Source Files\Twitter</Filter>
    </ClCompile>
    <ClCompile Include="..\src\Twitter\API_Request_err.cpp">
      <Filter>Source Files\Twitter</Filter>
    </ClCompile>
    <ClCompile Include="..\src\lcd3.cpp">
      <Filter>Source Files</Filter>
    </ClCompile>
    <ClCompile Include="..\src\LCDB.cpp">
      <Filter>Source Files</Filter>
    </ClCompile>
  </ItemGroup>
  <ItemGroup>
    <Font Include="..\res\Fonts\courier.ttf">
      <Filter>Resource Files\Fonts</Filter>
    </Font>
  </ItemGroup>
</Project>